
Microsoft Visual Studio Solution File, Format Version 12.00
# Visual Studio Express 2012 for Web
Project("{FAE04EC0-301F-11D3-BF4B-00C04F79EFBC}") = "TeamMnMGroupingWebApp", "TeamMnMGroupingWebApp\TeamMnMGroupingWebApp.csproj", "{C7CECA89-9DFD-42E9-BB46-7CBD6FDB7F57}"
EndProject
Project("{FAE04EC0-301F-11D3-BF4B-00C04F79EFBC}") = "TeamMnMGroupingWebApp.Tests", "TeamMnMGroupingWebApp.Tests\TeamMnMGroupingWebApp.Tests.csproj", "{4688364E-5DD5-4224-BF40-ED1C4EA746E7}"
EndProject
Project("{2150E333-8FDC-42A3-9474-1A3956D46DE8}") = ".nuget", ".nuget", "{E6605EC9-AF41-443C-AD88-CBE60EACD2D6}"
	ProjectSection(SolutionItems) = preProject
		.nuget\packages.config = .nuget\packages.config
	EndProjectSection
EndProject
Global
	GlobalSection(SolutionConfigurationPlatforms) = preSolution
		Debug|Any CPU = Debug|Any CPU
		Release|Any CPU = Release|Any CPU
	EndGlobalSection
	GlobalSection(ProjectConfigurationPlatforms) = postSolution
		{C7CECA89-9DFD-42E9-BB46-7CBD6FDB7F57}.Debug|Any CPU.ActiveCfg = Debug|Any CPU
		{C7CECA89-9DFD-42E9-BB46-7CBD6FDB7F57}.Debug|Any CPU.Build.0 = Debug|Any CPU
		{C7CECA89-9DFD-42E9-BB46-7CBD6FDB7F57}.Release|Any CPU.ActiveCfg = Release|Any CPU
		{C7CECA89-9DFD-42E9-BB46-7CBD6FDB7F57}.Release|Any CPU.Build.0 = Release|Any CPU
		{4688364E-5DD5-4224-BF40-ED1C4EA746E7}.Debug|Any CPU.ActiveCfg = Debug|Any CPU
		{4688364E-5DD5-4224-BF40-ED1C4EA746E7}.Debug|Any CPU.Build.0 = Debug|Any CPU
		{4688364E-5DD5-4224-BF40-ED1C4EA746E7}.Release|Any CPU.ActiveCfg = Release|Any CPU
		{4688364E-5DD5-4224-BF40-ED1C4EA746E7}.Release|Any CPU.Build.0 = Release|Any CPU
	EndGlobalSection
	GlobalSection(SolutionProperties) = preSolution
		HideSolutionNode = FALSE
	EndGlobalSection
EndGlobal
